
Microsoft Visual Studio Solution File, Format Version 12.00
# Visual Studio Version 17
VisualStudioVersion = 17.13.35931.197
MinimumVisualStudioVersion = 10.0.40219.1
Project("{FAE04EC0-301F-11D3-BF4B-00C04F79EFBC}") = "Contact-CRUD", "Contact-CRUD\Contact-CRUD.csproj", "{F9E372F1-9F13-4CC1-8911-5BEAD462FF92}"
EndProject
Project("{FAE04EC0-301F-11D3-BF4B-00C04F79EFBC}") = "ContactTests", "ContactTests\ContactTests.csproj", "{BEF388C4-06D1-4996-9594-5820AF50291C}"
EndProject
Project("{FAE04EC0-301F-11D3-BF4B-00C04F79EFBC}") = "Entities", "Entities\Entities.csproj", "{1BAD4610-3A70-4F7A-ADDA-24EF72F0A6E8}"
EndProject
Project("{FAE04EC0-301F-11D3-BF4B-00C04F79EFBC}") = "ServiceContracts", "ServiceContracts\ServiceContracts.csproj", "{C25F60E1-24B7-457D-BF4F-D2E66399FE79}"
EndProject
Project("{FAE04EC0-301F-11D3-BF4B-00C04F79EFBC}") = "Services", "Services\Services.csproj", "{839392B0-874F-4F59-A33E-D0379A29F323}"
EndProject
Global
	GlobalSection(SolutionConfigurationPlatforms) = preSolution
		Debug|Any CPU = Debug|Any CPU
		Release|Any CPU = Release|Any CPU
	EndGlobalSection
	GlobalSection(ProjectConfigurationPlatforms) = postSolution
		{F9E372F1-9F13-4CC1-8911-5BEAD462FF92}.Debug|Any CPU.ActiveCfg = Debug|Any CPU
		{F9E372F1-9F13-4CC1-8911-5BEAD462FF92}.Debug|Any CPU.Build.0 = Debug|Any CPU
		{F9E372F1-9F13-4CC1-8911-5BEAD462FF92}.Release|Any CPU.ActiveCfg = Release|Any CPU
		{F9E372F1-9F13-4CC1-8911-5BEAD462FF92}.Release|Any CPU.Build.0 = Release|Any CPU
		{BEF388C4-06D1-4996-9594-5820AF50291C}.Debug|Any CPU.ActiveCfg = Debug|Any CPU
		{BEF388C4-06D1-4996-9594-5820AF50291C}.Debug|Any CPU.Build.0 = Debug|Any CPU
		{BEF388C4-06D1-4996-9594-5820AF50291C}.Release|Any CPU.ActiveCfg = Release|Any CPU
		{BEF388C4-06D1-4996-9594-5820AF50291C}.Release|Any CPU.Build.0 = Release|Any CPU
		{1BAD4610-3A70-4F7A-ADDA-24EF72F0A6E8}.Debug|Any CPU.ActiveCfg = Debug|Any CPU
		{1BAD4610-3A70-4F7A-ADDA-24EF72F0A6E8}.Debug|Any CPU.Build.0 = Debug|Any CPU
		{1BAD4610-3A70-4F7A-ADDA-24EF72F0A6E8}.Release|Any CPU.ActiveCfg = Release|Any CPU
		{1BAD4610-3A70-4F7A-ADDA-24EF72F0A6E8}.Release|Any CPU.Build.0 = Release|Any CPU
		{C25F60E1-24B7-457D-BF4F-D2E66399FE79}.Debug|Any CPU.ActiveCfg = Debug|Any CPU
		{C25F60E1-24B7-457D-BF4F-D2E66399FE79}.Debug|Any CPU.Build.0 = Debug|Any CPU
		{C25F60E1-24B7-457D-BF4F-D2E66399FE79}.Release|Any CPU.ActiveCfg = Release|Any CPU
		{C25F60E1-24B7-457D-BF4F-D2E66399FE79}.Release|Any CPU.Build.0 = Release|Any CPU
		{839392B0-874F-4F59-A33E-D0379A29F323}.Debug|Any CPU.ActiveCfg = Debug|Any CPU
		{839392B0-874F-4F59-A33E-D0379A29F323}.Debug|Any CPU.Build.0 = Debug|Any CPU
		{839392B0-874F-4F59-A33E-D0379A29F323}.Release|Any CPU.ActiveCfg = Release|Any CPU
		{839392B0-874F-4F59-A33E-D0379A29F323}.Release|Any CPU.Build.0 = Release|Any CPU
	EndGlobalSection
	GlobalSection(SolutionProperties) = preSolution
		HideSolutionNode = FALSE
	EndGlobalSection
	GlobalSection(ExtensibilityGlobals) = postSolution
		SolutionGuid = {CB5C8F96-DC4D-4EEB-9424-0506DD3429D6}
	EndGlobalSection
EndGlobal
